
Microsoft Visual Studio Solution File, Format Version 12.00
# Visual Studio Version 17
VisualStudioVersion = 17.7.34202.233
MinimumVisualStudioVersion = 10.0.40219.1
Project("{9A19103F-16F7-4668-BE54-9A1E7A4F7556}") = "ProjetoIBGE", "ProjetoIBGE.csproj", "{382AD81F-FF6F-49DB-9BFA-B251D37A5BF1}"
EndProject
Global
	GlobalSection(SolutionConfigurationPlatforms) = preSolution
		Debug|Any CPU = Debug|Any CPU
		Release|Any CPU = Release|Any CPU
	EndGlobalSection
	GlobalSection(ProjectConfigurationPlatforms) = postSolution
		{382AD81F-FF6F-49DB-9BFA-B251D37A5BF1}.Debug|Any CPU.ActiveCfg = Debug|Any CPU
		{382AD81F-FF6F-49DB-9BFA-B251D37A5BF1}.Debug|Any CPU.Build.0 = Debug|Any CPU
		{382AD81F-FF6F-49DB-9BFA-B251D37A5BF1}.Release|Any CPU.ActiveCfg = Release|Any CPU
		{382AD81F-FF6F-49DB-9BFA-B251D37A5BF1}.Release|Any CPU.Build.0 = Release|Any CPU
	EndGlobalSection
	GlobalSection(SolutionProperties) = preSolution
		HideSolutionNode = FALSE
	EndGlobalSection
	GlobalSection(ExtensibilityGlobals) = postSolution
		SolutionGuid = {BAB0EC91-6D61-4CFA-9CDC-973F272FF79B}
	EndGlobalSection
EndGlobal
